
Microsoft Visual Studio Solution File, Format Version 12.00
# Visual Studio Version 17
VisualStudioVersion = 17.6.33513.286
MinimumVisualStudioVersion = 10.0.40219.1
Project("{9A19103F-16F7-4668-BE54-9A1E7A4F7556}") = "Discord.BotABordelV2", "Discord.BotABordelV2\Discord.BotABordelV2.csproj", "{16C723F4-0E4F-4BC4-9987-7E6472DB76E3}"
EndProject
Global
	GlobalSection(SolutionConfigurationPlatforms) = preSolution
		Debug|Any CPU = Debug|Any CPU
		Release|Any CPU = Release|Any CPU
	EndGlobalSection
	GlobalSection(ProjectConfigurationPlatforms) = postSolution
		{16C723F4-0E4F-4BC4-9987-7E6472DB76E3}.Debug|Any CPU.ActiveCfg = Debug|Any CPU
		{16C723F4-0E4F-4BC4-9987-7E6472DB76E3}.Debug|Any CPU.Build.0 = Debug|Any CPU
		{16C723F4-0E4F-4BC4-9987-7E6472DB76E3}.Release|Any CPU.ActiveCfg = Release|Any CPU
		{16C723F4-0E4F-4BC4-9987-7E6472DB76E3}.Release|Any CPU.Build.0 = Release|Any CPU
	EndGlobalSection
	GlobalSection(SolutionProperties) = preSolution
		HideSolutionNode = FALSE
	EndGlobalSection
	GlobalSection(ExtensibilityGlobals) = postSolution
		SolutionGuid = {DFAEF1B6-88E8-4CE0-BCC1-2AC53F7F1E57}
	EndGlobalSection
EndGlobal
